github.com/gozelle/go-difflib v1.0.0 h1:BIQXTH387TRKUtDGMTaPmoFKKWZQMRR4mSxxcPLOjXQ=
github.com/gozelle/go-difflib v1.0.0/go.mod h1:PcDy306aUy3I8kB5ohutXpbhkgQlygtcBjf+pENv2gY=
github.com/gozelle/go-spew v1.1.10 h1:kFDq5IDd/Wk3l7UutORhveCt5fUdW8b9afnDYtuHmEc=
github.com/gozelle/go-spew v1.1.10/go.mod h1:qwUFQBhiE5zwtTAfe/m87+73t2jRbNHwGOvs+FgYx+8=
github.com/gozelle/objx v0.5.10 h1:lbYJdhSwnljJNpyRRbbqJt+uF3z66om0RsiR175sHAk=
github.com/gozelle/objx v0.5.10/go.mod h1:3muRr1Da1mCg3D+wYBicuZaHtGbvfLCgewfYJoz7cbs=
github.com/gozelle/testify v1.8.10 h1:657kEQ5/TkRem7FwfY/u95LfYjtmDciBbW9oXU8+MRc=
github.com/gozelle/testify v1.8.10/go.mod h1:RuY+SaFmDaE0aj4hEhtNbaDjr6BMn4VklgheQ8dqbPw=
gopkg.in/check.v1 v0.0.0-20161208181325-20d25e280405/go.mod h1:Co6ibVJAznAaIkqp8huTwlJQCZ016jof/cbN4VW5Yz0=
gopkg.in/yaml.v3 v3.0.1 h1:fxVm/GzAzEWqLHuvctI91KS9hhNmmWOoWu0XTYJS7CA=
gopkg.in/yaml.v3 v3.0.1/go.mod h1:K4uyk7z7BCEPqu6E+C64Yfv1cQ7kz7rIZviUmN+EgEM=
